
Microsoft Visual Studio Solution File, Format Version 12.00
# Visual Studio Version 16
VisualStudioVersion = 16.0.33927.289
MinimumVisualStudioVersion = 10.0.40219.1
Project("{2150E333-8FDC-42A3-9474-1A3956D46DE8}") = "task0", "task0", "{0E195863-FCDF-462D-AA42-A01E1C58C6CD}"
EndProject
Project("{FAE04EC0-301F-11D3-BF4B-00C04F79EFBC}") = "Tyuiu.GorovenkoGV.Sprint2.Task0.V11", "Tyuiu.GorovenkoGV.Sprint2.Task0.V11\Tyuiu.GorovenkoGV.Sprint2.Task0.V11.csproj", "{B5122A36-8CEE-4D36-A129-E4EBDEDA3291}"
EndProject
Project("{FAE04EC0-301F-11D3-BF4B-00C04F79EFBC}") = "Tyuiu.GorovenkoGV.Sprint2.Task0.V11.Lib", "Tyuiu.GorovenkoGV.Sprint2.Task0.V11.Lib\Tyuiu.GorovenkoGV.Sprint2.Task0.V11.Lib.csproj", "{0AA60E87-C3F1-4510-851F-1B32446B22E2}"
EndProject
Project("{FAE04EC0-301F-11D3-BF4B-00C04F79EFBC}") = "Tyuiu.GorovenkoGV.Sprint2.Task0.V11.Test", "Tyuiu.GorovenkoGV.Sprint2.Task0.V11.Test\Tyuiu.GorovenkoGV.Sprint2.Task0.V11.Test.csproj", "{247CC2E9-ADF8-4185-8B21-9D8365028CE2}"
EndProject
Project("{2150E333-8FDC-42A3-9474-1A3956D46DE8}") = "NewFolder1", "NewFolder1", "{ED4F8495-C1D7-4D20-85D1-36FAC4326BD2}"
EndProject
Project("{FAE04EC0-301F-11D3-BF4B-00C04F79EFBC}") = "Tyuiu.GorovenkoGV.Sprint2.Task1.V28", "Tyuiu.GorovenkoGV.Sprint2.Task1.V28\Tyuiu.GorovenkoGV.Sprint2.Task1.V28.csproj", "{6A845BAE-2DE9-4AC5-AF67-C87784FBB5CF}"
EndProject
Project("{FAE04EC0-301F-11D3-BF4B-00C04F79EFBC}") = "Tyuiu.GorovenkoGV.Sprint2.Task1.V28.Lib", "Tyuiu.GorovenkoGV.Sprint2.Task1.V28.Lib\Tyuiu.GorovenkoGV.Sprint2.Task1.V28.Lib.csproj", "{613E7750-FC39-4DAD-B356-3ECA3A419264}"
EndProject
Project("{FAE04EC0-301F-11D3-BF4B-00C04F79EFBC}") = "Tyuiu.GorovenkoGV.Sprint2.Task1.V28.Test", "Tyuiu.GorovenkoGV.Sprint2.Task1.V28.Test\Tyuiu.GorovenkoGV.Sprint2.Task1.V28.Test.csproj", "{B0DF7F39-3D57-482B-9190-EA02B8213E8D}"
EndProject
Project("{2150E333-8FDC-42A3-9474-1A3956D46DE8}") = "Task2", "Task2", "{043C7AE8-F668-4ABF-B25E-4AF14BBDE824}"
EndProject
Project("{FAE04EC0-301F-11D3-BF4B-00C04F79EFBC}") = "Tyuiu.GorovenkoGV.Sprint2.Task2.V9", "Tyuiu.GorovenkoGV.Sprint2.Task2.V9\Tyuiu.GorovenkoGV.Sprint2.Task2.V9.csproj", "{4C9FE401-7801-4C2C-AB91-F81065CD0B18}"
EndProject
Project("{FAE04EC0-301F-11D3-BF4B-00C04F79EFBC}") = "Tyuiu.GorovenkoGV.Sprint2.Task2.V9.Lib", "Tyuiu.GorovenkoGV.Sprint2.Task2.V9.Lib\Tyuiu.GorovenkoGV.Sprint2.Task2.V9.Lib.csproj", "{0CFD8FBF-6E3D-476C-A6E0-C574683F6A60}"
EndProject
Project("{FAE04EC0-301F-11D3-BF4B-00C04F79EFBC}") = "Tyuiu.GorovenkoGV.Sprint2.Task2.V9.Test", "Tyuiu.GorovenkoGV.Sprint2.Task2.V9.Test\Tyuiu.GorovenkoGV.Sprint2.Task2.V9.Test.csproj", "{079C2712-ADA3-4698-A038-FB510D432D17}"
EndProject
Global
	GlobalSection(SolutionConfigurationPlatforms) = preSolution
		Debug|Any CPU = Debug|Any CPU
		Release|Any CPU = Release|Any CPU
	EndGlobalSection
	GlobalSection(ProjectConfigurationPlatforms) = postSolution
		{B5122A36-8CEE-4D36-A129-E4EBDEDA3291}.Debug|Any CPU.ActiveCfg = Debug|Any CPU
		{B5122A36-8CEE-4D36-A129-E4EBDEDA3291}.Debug|Any CPU.Build.0 = Debug|Any CPU
		{B5122A36-8CEE-4D36-A129-E4EBDEDA3291}.Release|Any CPU.ActiveCfg = Release|Any CPU
		{B5122A36-8CEE-4D36-A129-E4EBDEDA3291}.Release|Any CPU.Build.0 = Release|Any CPU
		{0AA60E87-C3F1-4510-851F-1B32446B22E2}.Debug|Any CPU.ActiveCfg = Debug|Any CPU
		{0AA60E87-C3F1-4510-851F-1B32446B22E2}.Debug|Any CPU.Build.0 = Debug|Any CPU
		{0AA60E87-C3F1-4510-851F-1B32446B22E2}.Release|Any CPU.ActiveCfg = Release|Any CPU
		{0AA60E87-C3F1-4510-851F-1B32446B22E2}.Release|Any CPU.Build.0 = Release|Any CPU
		{247CC2E9-ADF8-4185-8B21-9D8365028CE2}.Debug|Any CPU.ActiveCfg = Debug|Any CPU
		{247CC2E9-ADF8-4185-8B21-9D8365028CE2}.Debug|Any CPU.Build.0 = Debug|Any CPU
		{247CC2E9-ADF8-4185-8B21-9D8365028CE2}.Release|Any CPU.ActiveCfg = Release|Any CPU
		{247CC2E9-ADF8-4185-8B21-9D8365028CE2}.Release|Any CPU.Build.0 = Release|Any CPU
		{6A845BAE-2DE9-4AC5-AF67-C87784FBB5CF}.Debug|Any CPU.ActiveCfg = Debug|Any CPU
		{6A845BAE-2DE9-4AC5-AF67-C87784FBB5CF}.Debug|Any CPU.Build.0 = Debug|Any CPU
		{6A845BAE-2DE9-4AC5-AF67-C87784FBB5CF}.Release|Any CPU.ActiveCfg = Release|Any CPU
		{6A845BAE-2DE9-4AC5-AF67-C87784FBB5CF}.Release|Any CPU.Build.0 = Release|Any CPU
		{613E7750-FC39-4DAD-B356-3ECA3A419264}.Debug|Any CPU.ActiveCfg = Debug|Any CPU
		{613E7750-FC39-4DAD-B356-3ECA3A419264}.Debug|Any CPU.Build.0 = Debug|Any CPU
		{613E7750-FC39-4DAD-B356-3ECA3A419264}.Release|Any CPU.ActiveCfg = Release|Any CPU
		{613E7750-FC39-4DAD-B356-3ECA3A419264}.Release|Any CPU.Build.0 = Release|Any CPU
		{B0DF7F39-3D57-482B-9190-EA02B8213E8D}.Debug|Any CPU.ActiveCfg = Debug|Any CPU
		{B0DF7F39-3D57-482B-9190-EA02B8213E8D}.Debug|Any CPU.Build.0 = Debug|Any CPU
		{B0DF7F39-3D57-482B-9190-EA02B8213E8D}.Release|Any CPU.ActiveCfg = Release|Any CPU
		{B0DF7F39-3D57-482B-9190-EA02B8213E8D}.Release|Any CPU.Build.0 = Release|Any CPU
		{4C9FE401-7801-4C2C-AB91-F81065CD0B18}.Debug|Any CPU.ActiveCfg = Debug|Any CPU
		{4C9FE401-7801-4C2C-AB91-F81065CD0B18}.Debug|Any CPU.Build.0 = Debug|Any CPU
		{4C9FE401-7801-4C2C-AB91-F81065CD0B18}.Release|Any CPU.ActiveCfg = Release|Any CPU
		{4C9FE401-7801-4C2C-AB91-F81065CD0B18}.Release|Any CPU.Build.0 = Release|Any CPU
		{0CFD8FBF-6E3D-476C-A6E0-C574683F6A60}.Debug|Any CPU.ActiveCfg = Debug|Any CPU
		{0CFD8FBF-6E3D-476C-A6E0-C574683F6A60}.Debug|Any CPU.Build.0 = Debug|Any CPU
		{0CFD8FBF-6E3D-476C-A6E0-C574683F6A60}.Release|Any CPU.ActiveCfg = Release|Any CPU
		{0CFD8FBF-6E3D-476C-A6E0-C574683F6A60}.Release|Any CPU.Build.0 = Release|Any CPU
		{079C2712-ADA3-4698-A038-FB510D432D17}.Debug|Any CPU.ActiveCfg = Debug|Any CPU
		{079C2712-ADA3-4698-A038-FB510D432D17}.Debug|Any CPU.Build.0 = Debug|Any CPU
		{079C2712-ADA3-4698-A038-FB510D432D17}.Release|Any CPU.ActiveCfg = Release|Any CPU
		{079C2712-ADA3-4698-A038-FB510D432D17}.Release|Any CPU.Build.0 = Release|Any CPU
	EndGlobalSection
	GlobalSection(SolutionProperties) = preSolution
		HideSolutionNode = FALSE
	EndGlobalSection
	GlobalSection(NestedProjects) = preSolution
		{B5122A36-8CEE-4D36-A129-E4EBDEDA3291} = {0E195863-FCDF-462D-AA42-A01E1C58C6CD}
		{0AA60E87-C3F1-4510-851F-1B32446B22E2} = {0E195863-FCDF-462D-AA42-A01E1C58C6CD}
		{247CC2E9-ADF8-4185-8B21-9D8365028CE2} = {0E195863-FCDF-462D-AA42-A01E1C58C6CD}
		{6A845BAE-2DE9-4AC5-AF67-C87784FBB5CF} = {ED4F8495-C1D7-4D20-85D1-36FAC4326BD2}
		{613E7750-FC39-4DAD-B356-3ECA3A419264} = {ED4F8495-C1D7-4D20-85D1-36FAC4326BD2}
		{B0DF7F39-3D57-482B-9190-EA02B8213E8D} = {ED4F8495-C1D7-4D20-85D1-36FAC4326BD2}
		{4C9FE401-7801-4C2C-AB91-F81065CD0B18} = {043C7AE8-F668-4ABF-B25E-4AF14BBDE824}
		{0CFD8FBF-6E3D-476C-A6E0-C574683F6A60} = {043C7AE8-F668-4ABF-B25E-4AF14BBDE824}
		{079C2712-ADA3-4698-A038-FB510D432D17} = {043C7AE8-F668-4ABF-B25E-4AF14BBDE824}
	EndGlobalSection
	GlobalSection(ExtensibilityGlobals) = postSolution
		SolutionGuid = {240C6CDB-CC6B-4641-9BDC-85D28E4E1754}
	EndGlobalSection
EndGlobal
